
Microsoft Visual Studio Solution File, Format Version 12.00
# Visual Studio Version 16
VisualStudioVersion = 16.0.30204.135
MinimumVisualStudioVersion = 10.0.40219.1
Project("{FAE04EC0-301F-11D3-BF4B-00C04F79EFBC}") = "Entrada de dados", "Entrada de dados\Entrada de dados.csproj", "{9C1B233E-02A7-4B36-9272-855C101B31F3}"
EndProject
Global
	GlobalSection(SolutionConfigurationPlatforms) = preSolution
		Debug|Any CPU = Debug|Any CPU
		Release|Any CPU = Release|Any CPU
	EndGlobalSection
	GlobalSection(ProjectConfigurationPlatforms) = postSolution
		{9C1B233E-02A7-4B36-9272-855C101B31F3}.Debug|Any CPU.ActiveCfg = Debug|Any CPU
		{9C1B233E-02A7-4B36-9272-855C101B31F3}.Debug|Any CPU.Build.0 = Debug|Any CPU
		{9C1B233E-02A7-4B36-9272-855C101B31F3}.Release|Any CPU.ActiveCfg = Release|Any CPU
		{9C1B233E-02A7-4B36-9272-855C101B31F3}.Release|Any CPU.Build.0 = Release|Any CPU
	EndGlobalSection
	GlobalSection(SolutionProperties) = preSolution
		HideSolutionNode = FALSE
	EndGlobalSection
	GlobalSection(ExtensibilityGlobals) = postSolution
		SolutionGuid = {79368721-1650-4C30-814B-5DE45349A6D1}
	EndGlobalSection
EndGlobal
