
Microsoft Visual Studio Solution File, Format Version 12.00
# Visual Studio Version 16
VisualStudioVersion = 16.0.30204.135
MinimumVisualStudioVersion = 10.0.40219.1
Project("{FAE04EC0-301F-11D3-BF4B-00C04F79EFBC}") = "Object e ToString", "Object e ToString\Object e ToString.csproj", "{94E3DD18-5A69-418E-9D1D-B626E2F1BE40}"
EndProject
Global
	GlobalSection(SolutionConfigurationPlatforms) = preSolution
		Debug|Any CPU = Debug|Any CPU
		Release|Any CPU = Release|Any CPU
	EndGlobalSection
	GlobalSection(ProjectConfigurationPlatforms) = postSolution
		{94E3DD18-5A69-418E-9D1D-B626E2F1BE40}.Debug|Any CPU.ActiveCfg = Debug|Any CPU
		{94E3DD18-5A69-418E-9D1D-B626E2F1BE40}.Debug|Any CPU.Build.0 = Debug|Any CPU
		{94E3DD18-5A69-418E-9D1D-B626E2F1BE40}.Release|Any CPU.ActiveCfg = Release|Any CPU
		{94E3DD18-5A69-418E-9D1D-B626E2F1BE40}.Release|Any CPU.Build.0 = Release|Any CPU
	EndGlobalSection
	GlobalSection(SolutionProperties) = preSolution
		HideSolutionNode = FALSE
	EndGlobalSection
	GlobalSection(ExtensibilityGlobals) = postSolution
		SolutionGuid = {4AD0A2B7-A82E-40C2-89DE-16A8E1FA111B}
	EndGlobalSection
EndGlobal
