
Microsoft Visual Studio Solution File, Format Version 12.00
# Visual Studio Version 16
VisualStudioVersion = 16.0.30204.135
MinimumVisualStudioVersion = 10.0.40219.1
Project("{FAE04EC0-301F-11D3-BF4B-00C04F79EFBC}") = "ConsoleApp7", "ConsoleApp7\ConsoleApp7.csproj", "{A89767EC-6471-44CA-BEDE-0A1D8A59AB31}"
EndProject
Global
	GlobalSection(SolutionConfigurationPlatforms) = preSolution
		Debug|Any CPU = Debug|Any CPU
		Release|Any CPU = Release|Any CPU
	EndGlobalSection
	GlobalSection(ProjectConfigurationPlatforms) = postSolution
		{A89767EC-6471-44CA-BEDE-0A1D8A59AB31}.Debug|Any CPU.ActiveCfg = Debug|Any CPU
		{A89767EC-6471-44CA-BEDE-0A1D8A59AB31}.Debug|Any CPU.Build.0 = Debug|Any CPU
		{A89767EC-6471-44CA-BEDE-0A1D8A59AB31}.Release|Any CPU.ActiveCfg = Release|Any CPU
		{A89767EC-6471-44CA-BEDE-0A1D8A59AB31}.Release|Any CPU.Build.0 = Release|Any CPU
	EndGlobalSection
	GlobalSection(SolutionProperties) = preSolution
		HideSolutionNode = FALSE
	EndGlobalSection
	GlobalSection(ExtensibilityGlobals) = postSolution
		SolutionGuid = {82C54254-BA10-47A5-BE19-8130430C4088}
	EndGlobalSection
EndGlobal
