
Microsoft Visual Studio Solution File, Format Version 12.00
# Visual Studio Version 16
VisualStudioVersion = 16.0.30204.135
MinimumVisualStudioVersion = 10.0.40219.1
Project("{FAE04EC0-301F-11D3-BF4B-00C04F79EFBC}") = "Media3 URI 1040", "Media3 URI 1040\Media3 URI 1040.csproj", "{6A0C7B38-2AD9-41D9-8C38-A76E283292FF}"
EndProject
Global
	GlobalSection(SolutionConfigurationPlatforms) = preSolution
		Debug|Any CPU = Debug|Any CPU
		Release|Any CPU = Release|Any CPU
	EndGlobalSection
	GlobalSection(ProjectConfigurationPlatforms) = postSolution
		{6A0C7B38-2AD9-41D9-8C38-A76E283292FF}.Debug|Any CPU.ActiveCfg = Debug|Any CPU
		{6A0C7B38-2AD9-41D9-8C38-A76E283292FF}.Debug|Any CPU.Build.0 = Debug|Any CPU
		{6A0C7B38-2AD9-41D9-8C38-A76E283292FF}.Release|Any CPU.ActiveCfg = Release|Any CPU
		{6A0C7B38-2AD9-41D9-8C38-A76E283292FF}.Release|Any CPU.Build.0 = Release|Any CPU
	EndGlobalSection
	GlobalSection(SolutionProperties) = preSolution
		HideSolutionNode = FALSE
	EndGlobalSection
	GlobalSection(ExtensibilityGlobals) = postSolution
		SolutionGuid = {7EED36C5-12C1-423C-BA74-170CD743B4C1}
	EndGlobalSection
EndGlobal
