
Microsoft Visual Studio Solution File, Format Version 12.00
# Visual Studio Version 16
VisualStudioVersion = 16.0.30204.135
MinimumVisualStudioVersion = 10.0.40219.1
Project("{FAE04EC0-301F-11D3-BF4B-00C04F79EFBC}") = "Uri 1035", "Uri 1035\Uri 1035.csproj", "{B046AB4F-D649-4F78-A07F-FA86A04FFD53}"
EndProject
Global
	GlobalSection(SolutionConfigurationPlatforms) = preSolution
		Debug|Any CPU = Debug|Any CPU
		Release|Any CPU = Release|Any CPU
	EndGlobalSection
	GlobalSection(ProjectConfigurationPlatforms) = postSolution
		{B046AB4F-D649-4F78-A07F-FA86A04FFD53}.Debug|Any CPU.ActiveCfg = Debug|Any CPU
		{B046AB4F-D649-4F78-A07F-FA86A04FFD53}.Debug|Any CPU.Build.0 = Debug|Any CPU
		{B046AB4F-D649-4F78-A07F-FA86A04FFD53}.Release|Any CPU.ActiveCfg = Release|Any CPU
		{B046AB4F-D649-4F78-A07F-FA86A04FFD53}.Release|Any CPU.Build.0 = Release|Any CPU
	EndGlobalSection
	GlobalSection(SolutionProperties) = preSolution
		HideSolutionNode = FALSE
	EndGlobalSection
	GlobalSection(ExtensibilityGlobals) = postSolution
		SolutionGuid = {204B0C63-E804-4574-BF89-C8BD737FFDEC}
	EndGlobalSection
EndGlobal
