
Microsoft Visual Studio Solution File, Format Version 12.00
# Visual Studio Version 16
VisualStudioVersion = 16.0.30204.135
MinimumVisualStudioVersion = 10.0.40219.1
Project("{FAE04EC0-301F-11D3-BF4B-00C04F79EFBC}") = "ConsoleApp9", "ConsoleApp9\ConsoleApp9.csproj", "{55F71BE8-6448-42D0-AA81-3B2901D0F962}"
EndProject
Global
	GlobalSection(SolutionConfigurationPlatforms) = preSolution
		Debug|Any CPU = Debug|Any CPU
		Release|Any CPU = Release|Any CPU
	EndGlobalSection
	GlobalSection(ProjectConfigurationPlatforms) = postSolution
		{55F71BE8-6448-42D0-AA81-3B2901D0F962}.Debug|Any CPU.ActiveCfg = Debug|Any CPU
		{55F71BE8-6448-42D0-AA81-3B2901D0F962}.Debug|Any CPU.Build.0 = Debug|Any CPU
		{55F71BE8-6448-42D0-AA81-3B2901D0F962}.Release|Any CPU.ActiveCfg = Release|Any CPU
		{55F71BE8-6448-42D0-AA81-3B2901D0F962}.Release|Any CPU.Build.0 = Release|Any CPU
	EndGlobalSection
	GlobalSection(SolutionProperties) = preSolution
		HideSolutionNode = FALSE
	EndGlobalSection
	GlobalSection(ExtensibilityGlobals) = postSolution
		SolutionGuid = {2453BE9A-CE1F-477F-BA5F-30BC16B1D702}
	EndGlobalSection
EndGlobal
