
Microsoft Visual Studio Solution File, Format Version 12.00
# Visual Studio Version 16
VisualStudioVersion = 16.0.30204.135
MinimumVisualStudioVersion = 10.0.40219.1
Project("{FAE04EC0-301F-11D3-BF4B-00C04F79EFBC}") = "EstruturasCondicionaisCompostas", "EstruturasCondicionaisCompostas\EstruturasCondicionaisCompostas.csproj", "{2636C100-BA04-49C5-8BF6-762B20C01AC7}"
EndProject
Global
	GlobalSection(SolutionConfigurationPlatforms) = preSolution
		Debug|Any CPU = Debug|Any CPU
		Release|Any CPU = Release|Any CPU
	EndGlobalSection
	GlobalSection(ProjectConfigurationPlatforms) = postSolution
		{2636C100-BA04-49C5-8BF6-762B20C01AC7}.Debug|Any CPU.ActiveCfg = Debug|Any CPU
		{2636C100-BA04-49C5-8BF6-762B20C01AC7}.Debug|Any CPU.Build.0 = Debug|Any CPU
		{2636C100-BA04-49C5-8BF6-762B20C01AC7}.Release|Any CPU.ActiveCfg = Release|Any CPU
		{2636C100-BA04-49C5-8BF6-762B20C01AC7}.Release|Any CPU.Build.0 = Release|Any CPU
	EndGlobalSection
	GlobalSection(SolutionProperties) = preSolution
		HideSolutionNode = FALSE
	EndGlobalSection
	GlobalSection(ExtensibilityGlobals) = postSolution
		SolutionGuid = {35AB1227-5166-4800-8A91-51A76048932D}
	EndGlobalSection
EndGlobal
