
Microsoft Visual Studio Solution File, Format Version 12.00
# Visual Studio Version 16
VisualStudioVersion = 16.0.30204.135
MinimumVisualStudioVersion = 10.0.40219.1
Project("{FAE04EC0-301F-11D3-BF4B-00C04F79EFBC}") = "Uri 1066", "Uri 1066\Uri 1066.csproj", "{55F4ABE7-0830-4244-A2F7-BD6DEECCB543}"
EndProject
Global
	GlobalSection(SolutionConfigurationPlatforms) = preSolution
		Debug|Any CPU = Debug|Any CPU
		Release|Any CPU = Release|Any CPU
	EndGlobalSection
	GlobalSection(ProjectConfigurationPlatforms) = postSolution
		{55F4ABE7-0830-4244-A2F7-BD6DEECCB543}.Debug|Any CPU.ActiveCfg = Debug|Any CPU
		{55F4ABE7-0830-4244-A2F7-BD6DEECCB543}.Debug|Any CPU.Build.0 = Debug|Any CPU
		{55F4ABE7-0830-4244-A2F7-BD6DEECCB543}.Release|Any CPU.ActiveCfg = Release|Any CPU
		{55F4ABE7-0830-4244-A2F7-BD6DEECCB543}.Release|Any CPU.Build.0 = Release|Any CPU
	EndGlobalSection
	GlobalSection(SolutionProperties) = preSolution
		HideSolutionNode = FALSE
	EndGlobalSection
	GlobalSection(ExtensibilityGlobals) = postSolution
		SolutionGuid = {0B4D794C-0D62-4C72-B3A9-32FA2BFF0479}
	EndGlobalSection
EndGlobal
