
Microsoft Visual Studio Solution File, Format Version 12.00
# Visual Studio Version 16
VisualStudioVersion = 16.0.30204.135
MinimumVisualStudioVersion = 10.0.40219.1
Project("{FAE04EC0-301F-11D3-BF4B-00C04F79EFBC}") = "Atividades do uri(teste)", "Atividades do uri(teste)\Atividades do uri(teste).csproj", "{1D912A26-548B-431D-9C61-72CD091E4BE0}"
EndProject
Global
	GlobalSection(SolutionConfigurationPlatforms) = preSolution
		Debug|Any CPU = Debug|Any CPU
		Release|Any CPU = Release|Any CPU
	EndGlobalSection
	GlobalSection(ProjectConfigurationPlatforms) = postSolution
		{1D912A26-548B-431D-9C61-72CD091E4BE0}.Debug|Any CPU.ActiveCfg = Debug|Any CPU
		{1D912A26-548B-431D-9C61-72CD091E4BE0}.Debug|Any CPU.Build.0 = Debug|Any CPU
		{1D912A26-548B-431D-9C61-72CD091E4BE0}.Release|Any CPU.ActiveCfg = Release|Any CPU
		{1D912A26-548B-431D-9C61-72CD091E4BE0}.Release|Any CPU.Build.0 = Release|Any CPU
	EndGlobalSection
	GlobalSection(SolutionProperties) = preSolution
		HideSolutionNode = FALSE
	EndGlobalSection
	GlobalSection(ExtensibilityGlobals) = postSolution
		SolutionGuid = {4BC152D0-BB6B-43A5-B6F0-B185BCB7238B}
	EndGlobalSection
EndGlobal
