
Microsoft Visual Studio Solution File, Format Version 12.00
# Visual Studio Version 16
VisualStudioVersion = 16.0.30204.135
MinimumVisualStudioVersion = 10.0.40219.1
Project("{FAE04EC0-301F-11D3-BF4B-00C04F79EFBC}") = "DataHora", "DateTime\DataHora.csproj", "{055A4F18-084C-4668-8F6E-70E3BFF25758}"
EndProject
Global
	GlobalSection(SolutionConfigurationPlatforms) = preSolution
		Debug|Any CPU = Debug|Any CPU
		Release|Any CPU = Release|Any CPU
	EndGlobalSection
	GlobalSection(ProjectConfigurationPlatforms) = postSolution
		{055A4F18-084C-4668-8F6E-70E3BFF25758}.Debug|Any CPU.ActiveCfg = Debug|Any CPU
		{055A4F18-084C-4668-8F6E-70E3BFF25758}.Debug|Any CPU.Build.0 = Debug|Any CPU
		{055A4F18-084C-4668-8F6E-70E3BFF25758}.Release|Any CPU.ActiveCfg = Release|Any CPU
		{055A4F18-084C-4668-8F6E-70E3BFF25758}.Release|Any CPU.Build.0 = Release|Any CPU
	EndGlobalSection
	GlobalSection(SolutionProperties) = preSolution
		HideSolutionNode = FALSE
	EndGlobalSection
	GlobalSection(ExtensibilityGlobals) = postSolution
		SolutionGuid = {F36ACF6F-2B85-4588-938B-28D3CAE9ECCE}
	EndGlobalSection
EndGlobal
