
Microsoft Visual Studio Solution File, Format Version 12.00
# Visual Studio Version 16
VisualStudioVersion = 16.0.30204.135
MinimumVisualStudioVersion = 10.0.40219.1
Project("{FAE04EC0-301F-11D3-BF4B-00C04F79EFBC}") = "Exercico de Fixação exe60", "Exercico de Fixação exe60\Exercico de Fixação exe60.csproj", "{EE986870-0C83-442D-AFA1-90485E4EB148}"
EndProject
Global
	GlobalSection(SolutionConfigurationPlatforms) = preSolution
		Debug|Any CPU = Debug|Any CPU
		Release|Any CPU = Release|Any CPU
	EndGlobalSection
	GlobalSection(ProjectConfigurationPlatforms) = postSolution
		{EE986870-0C83-442D-AFA1-90485E4EB148}.Debug|Any CPU.ActiveCfg = Debug|Any CPU
		{EE986870-0C83-442D-AFA1-90485E4EB148}.Debug|Any CPU.Build.0 = Debug|Any CPU
		{EE986870-0C83-442D-AFA1-90485E4EB148}.Release|Any CPU.ActiveCfg = Release|Any CPU
		{EE986870-0C83-442D-AFA1-90485E4EB148}.Release|Any CPU.Build.0 = Release|Any CPU
	EndGlobalSection
	GlobalSection(SolutionProperties) = preSolution
		HideSolutionNode = FALSE
	EndGlobalSection
	GlobalSection(ExtensibilityGlobals) = postSolution
		SolutionGuid = {47035485-4797-417D-906C-7D9AC8CA22CA}
	EndGlobalSection
EndGlobal
