
Microsoft Visual Studio Solution File, Format Version 12.00
# Visual Studio Version 16
VisualStudioVersion = 16.0.30204.135
MinimumVisualStudioVersion = 10.0.40219.1
Project("{FAE04EC0-301F-11D3-BF4B-00C04F79EFBC}") = "EncadeamentoDeEstruturasCondicionais", "EncadeamentoDeEstruturasCondicionais\EncadeamentoDeEstruturasCondicionais.csproj", "{1F137B3B-72A3-4620-A468-92F6C77CFEBA}"
EndProject
Global
	GlobalSection(SolutionConfigurationPlatforms) = preSolution
		Debug|Any CPU = Debug|Any CPU
		Release|Any CPU = Release|Any CPU
	EndGlobalSection
	GlobalSection(ProjectConfigurationPlatforms) = postSolution
		{1F137B3B-72A3-4620-A468-92F6C77CFEBA}.Debug|Any CPU.ActiveCfg = Debug|Any CPU
		{1F137B3B-72A3-4620-A468-92F6C77CFEBA}.Debug|Any CPU.Build.0 = Debug|Any CPU
		{1F137B3B-72A3-4620-A468-92F6C77CFEBA}.Release|Any CPU.ActiveCfg = Release|Any CPU
		{1F137B3B-72A3-4620-A468-92F6C77CFEBA}.Release|Any CPU.Build.0 = Release|Any CPU
	EndGlobalSection
	GlobalSection(SolutionProperties) = preSolution
		HideSolutionNode = FALSE
	EndGlobalSection
	GlobalSection(ExtensibilityGlobals) = postSolution
		SolutionGuid = {7F8D2C1F-4638-4A6C-9CF2-8CBFD08CAE99}
	EndGlobalSection
EndGlobal
