
Microsoft Visual Studio Solution File, Format Version 12.00
# Visual Studio Version 16
VisualStudioVersion = 16.0.30204.135
MinimumVisualStudioVersion = 10.0.40219.1
Project("{FAE04EC0-301F-11D3-BF4B-00C04F79EFBC}") = "Ex Listas", "Ex Listas\Ex Listas.csproj", "{7D514292-E4F3-42D4-A6E5-E732447F1F43}"
EndProject
Global
	GlobalSection(SolutionConfigurationPlatforms) = preSolution
		Debug|Any CPU = Debug|Any CPU
		Release|Any CPU = Release|Any CPU
	EndGlobalSection
	GlobalSection(ProjectConfigurationPlatforms) = postSolution
		{7D514292-E4F3-42D4-A6E5-E732447F1F43}.Debug|Any CPU.ActiveCfg = Debug|Any CPU
		{7D514292-E4F3-42D4-A6E5-E732447F1F43}.Debug|Any CPU.Build.0 = Debug|Any CPU
		{7D514292-E4F3-42D4-A6E5-E732447F1F43}.Release|Any CPU.ActiveCfg = Release|Any CPU
		{7D514292-E4F3-42D4-A6E5-E732447F1F43}.Release|Any CPU.Build.0 = Release|Any CPU
	EndGlobalSection
	GlobalSection(SolutionProperties) = preSolution
		HideSolutionNode = FALSE
	EndGlobalSection
	GlobalSection(ExtensibilityGlobals) = postSolution
		SolutionGuid = {3F9BD1DE-06A7-4A39-8B2B-777C480F5B5E}
	EndGlobalSection
EndGlobal
