
Microsoft Visual Studio Solution File, Format Version 12.00
# Visual Studio Version 16
VisualStudioVersion = 16.0.30204.135
MinimumVisualStudioVersion = 10.0.40219.1
Project("{FAE04EC0-301F-11D3-BF4B-00C04F79EFBC}") = "Estrutura Switch-Case", "Estrutura Switch-Case\Estrutura Switch-Case.csproj", "{A2A74307-7F15-4994-B90A-222DD72F0CB3}"
EndProject
Global
	GlobalSection(SolutionConfigurationPlatforms) = preSolution
		Debug|Any CPU = Debug|Any CPU
		Release|Any CPU = Release|Any CPU
	EndGlobalSection
	GlobalSection(ProjectConfigurationPlatforms) = postSolution
		{A2A74307-7F15-4994-B90A-222DD72F0CB3}.Debug|Any CPU.ActiveCfg = Debug|Any CPU
		{A2A74307-7F15-4994-B90A-222DD72F0CB3}.Debug|Any CPU.Build.0 = Debug|Any CPU
		{A2A74307-7F15-4994-B90A-222DD72F0CB3}.Release|Any CPU.ActiveCfg = Release|Any CPU
		{A2A74307-7F15-4994-B90A-222DD72F0CB3}.Release|Any CPU.Build.0 = Release|Any CPU
	EndGlobalSection
	GlobalSection(SolutionProperties) = preSolution
		HideSolutionNode = FALSE
	EndGlobalSection
	GlobalSection(ExtensibilityGlobals) = postSolution
		SolutionGuid = {AB3C2C9D-F41C-42F7-A353-120F194EB5D1}
	EndGlobalSection
EndGlobal
