
Microsoft Visual Studio Solution File, Format Version 12.00
# Visual Studio Version 16
VisualStudioVersion = 16.0.30204.135
MinimumVisualStudioVersion = 10.0.40219.1
Project("{FAE04EC0-301F-11D3-BF4B-00C04F79EFBC}") = "Course", "Course\Course.csproj", "{9F683EF8-81BF-4890-9B6F-92BE5AB69D0A}"
EndProject
Global
	GlobalSection(SolutionConfigurationPlatforms) = preSolution
		Debug|Any CPU = Debug|Any CPU
		Release|Any CPU = Release|Any CPU
	EndGlobalSection
	GlobalSection(ProjectConfigurationPlatforms) = postSolution
		{9F683EF8-81BF-4890-9B6F-92BE5AB69D0A}.Debug|Any CPU.ActiveCfg = Debug|Any CPU
		{9F683EF8-81BF-4890-9B6F-92BE5AB69D0A}.Debug|Any CPU.Build.0 = Debug|Any CPU
		{9F683EF8-81BF-4890-9B6F-92BE5AB69D0A}.Release|Any CPU.ActiveCfg = Release|Any CPU
		{9F683EF8-81BF-4890-9B6F-92BE5AB69D0A}.Release|Any CPU.Build.0 = Release|Any CPU
	EndGlobalSection
	GlobalSection(SolutionProperties) = preSolution
		HideSolutionNode = FALSE
	EndGlobalSection
	GlobalSection(ExtensibilityGlobals) = postSolution
		SolutionGuid = {1CC42969-06DC-46E8-8CFB-C883D0774364}
	EndGlobalSection
EndGlobal
